// !$*UTF8*$!
{
	archiveVersion = 1;
	classes = {
	};
	objectVersion = 46;
	objects = {

/* Begin PBXBuildFile section */
		EB81B9F41B30BB6900DAFFA9 /* Base.h in Headers */ = {isa = PBXBuildFile; fileRef = EB81B9F31B30BB6900DAFFA9 /* Base.h */; settings = {ATTRIBUTES = (Public, ); }; };
		EB81B9FA1B30BB6900DAFFA9 /* Base.framework in Frameworks */ = {isa = PBXBuildFile; fileRef = EB81B9EE1B30BB6900DAFFA9 /* Base.framework */; };
		EB81BA011B30BB6900DAFFA9 /* BaseTests.swift in Sources */ = {isa = PBXBuildFile; fileRef = EB81BA001B30BB6900DAFFA9 /* BaseTests.swift */; };
		EB81BA241B30BC8500DAFFA9 /* Base.swift in Sources */ = {isa = PBXBuildFile; fileRef = EB81BA231B30BC8500DAFFA9 /* Base.swift */; };
		EBDAA0E21B470D8800756678 /* Foudation+Extension.swift in Sources */ = {isa = PBXBuildFile; fileRef = EBDAA0E11B470D8800756678 /* Foudation+Extension.swift */; };
/* End PBXBuildFile section */

/* Begin PBXContainerItemProxy section */
		EB81B9FB1B30BB6900DAFFA9 /* PBXContainerItemProxy */ = {
			isa = PBXContainerItemProxy;
			containerPortal = EB81B9E51B30BB6900DAFFA9 /* Project object */;
			proxyType = 1;
			remoteGlobalIDString = EB81B9ED1B30BB6900DAFFA9;
			remoteInfo = Base;
		};
/* End PBXContainerItemProxy section */

/* Begin PBXFileReference section */
		EB81B9EE1B30BB6900DAFFA9 /* Base.framework */ = {isa = PBXFileReference; explicitFileType = wrapper.framework; includeInIndex = 0; path = Base.framework; sourceTree = BUILT_PRODUCTS_DIR; };
		EB81B9F21B30BB6900DAFFA9 /* Info.plist */ = {isa = PBXFileReference; lastKnownFileType = text.plist.xml; path = Info.plist; sourceTree = "<group>"; };
		EB81B9F31B30BB6900DAFFA9 /* Base.h */ = {isa = PBXFileReference; lastKnownFileType = sourcecode.c.h; path = Base.h; sourceTree = "<group>"; };
		EB81B9F91B30BB6900DAFFA9 /* BaseTests.xctest */ = {isa = PBXFileReference; explicitFileType = wrapper.cfbundle; includeInIndex = 0; path = BaseTests.xctest; sourceTree = BUILT_PRODUCTS_DIR; };
		EB81B9FF1B30BB6900DAFFA9 /* Info.plist */ = {isa = PBXFileReference; lastKnownFileType = text.plist.xml; path = Info.plist; sourceTree = "<group>"; };
		EB81BA001B30BB6900DAFFA9 /* BaseTests.swift */ = {isa = PBXFileReference; lastKnownFileType = sourcecode.swift; path = BaseTests.swift; sourceTree = "<group>"; };
		EB81BA231B30BC8500DAFFA9 /* Base.swift */ = {isa = PBXFileReference; fileEncoding = 4; lastKnownFileType = sourcecode.swift; path = Base.swift; sourceTree = "<group>"; };
		EBDAA0E11B470D8800756678 /* Foudation+Extension.swift */ = {isa = PBXFileReference; fileEncoding = 4; lastKnownFileType = sourcecode.swift; path = "Foudation+Extension.swift"; sourceTree = "<group>"; };
/* End PBXFileReference section */

/* Begin PBXFrameworksBuildPhase section */
		EB81B9EA1B30BB6900DAFFA9 /* Frameworks */ = {
			isa = PBXFrameworksBuildPhase;
			buildActionMask = 2147483647;
			files = (
			);
			runOnlyForDeploymentPostprocessing = 0;
		};
		EB81B9F61B30BB6900DAFFA9 /* Frameworks */ = {
			isa = PBXFrameworksBuildPhase;
			buildActionMask = 2147483647;
			files = (
				EB81B9FA1B30BB6900DAFFA9 /* Base.framework in Frameworks */,
			);
			runOnlyForDeploymentPostprocessing = 0;
		};
/* End PBXFrameworksBuildPhase section */

/* Begin PBXGroup section */
		EB81B9E41B30BB6900DAFFA9 = {
			isa = PBXGroup;
			children = (
				EB81B9F01B30BB6900DAFFA9 /* Base */,
				EB81B9FD1B30BB6900DAFFA9 /* BaseTests */,
				EB81B9EF1B30BB6900DAFFA9 /* Products */,
			);
			sourceTree = "<group>";
		};
		EB81B9EF1B30BB6900DAFFA9 /* Products */ = {
			isa = PBXGroup;
			children = (
				EB81B9EE1B30BB6900DAFFA9 /* Base.framework */,
				EB81B9F91B30BB6900DAFFA9 /* BaseTests.xctest */,
			);
			name = Products;
			sourceTree = "<group>";
		};
		EB81B9F01B30BB6900DAFFA9 /* Base */ = {
			isa = PBXGroup;
			children = (
				EB81BA231B30BC8500DAFFA9 /* Base.swift */,
				EB81B9F31B30BB6900DAFFA9 /* Base.h */,
				EB81B9F11B30BB6900DAFFA9 /* Supporting Files */,
				EBDAA0E11B470D8800756678 /* Foudation+Extension.swift */,
			);
			path = Base;
			sourceTree = "<group>";
		};
		EB81B9F11B30BB6900DAFFA9 /* Supporting Files */ = {
			isa = PBXGroup;
			children = (
				EB81B9F21B30BB6900DAFFA9 /* Info.plist */,
			);
			name = "Supporting Files";
			sourceTree = "<group>";
		};
		EB81B9FD1B30BB6900DAFFA9 /* BaseTests */ = {
			isa = PBXGroup;
			children = (
				EB81BA001B30BB6900DAFFA9 /* BaseTests.swift */,
				EB81B9FE1B30BB6900DAFFA9 /* Supporting Files */,
			);
			path = BaseTests;
			sourceTree = "<group>";
		};
		EB81B9FE1B30BB6900DAFFA9 /* Supporting Files */ = {
			isa = PBXGroup;
			children = (
				EB81B9FF1B30BB6900DAFFA9 /* Info.plist */,
			);
			name = "Supporting Files";
			sourceTree = "<group>";
		};
/* End PBXGroup section */

/* Begin PBXHeadersBuildPhase section */
		EB81B9EB1B30BB6900DAFFA9 /* Headers */ = {
			isa = PBXHeadersBuildPhase;
			buildActionMask = 2147483647;
			files = (
				EB81B9F41B30BB6900DAFFA9 /* Base.h in Headers */,
			);
			runOnlyForDeploymentPostprocessing = 0;
		};
/* End PBXHeadersBuildPhase section */

/* Begin PBXNativeTarget section */
		EB81B9ED1B30BB6900DAFFA9 /* Base */ = {
			isa = PBXNativeTarget;
			buildConfigurationList = EB81BA041B30BB6900DAFFA9 /* Build configuration list for PBXNativeTarget "Base" */;
			buildPhases = (
				EB81B9E91B30BB6900DAFFA9 /* Sources */,
				EB81B9EA1B30BB6900DAFFA9 /* Frameworks */,
				EB81B9EB1B30BB6900DAFFA9 /* Headers */,
				EB81B9EC1B30BB6900DAFFA9 /* Resources */,
			);
			buildRules = (
			);
			dependencies = (
			);
			name = Base;
			productName = Base;
			productReference = EB81B9EE1B30BB6900DAFFA9 /* Base.framework */;
			productType = "com.apple.product-type.framework";
		};
		EB81B9F81B30BB6900DAFFA9 /* BaseTests */ = {
			isa = PBXNativeTarget;
			buildConfigurationList = EB81BA071B30BB6900DAFFA9 /* Build configuration list for PBXNativeTarget "BaseTests" */;
			buildPhases = (
				EB81B9F51B30BB6900DAFFA9 /* Sources */,
				EB81B9F61B30BB6900DAFFA9 /* Frameworks */,
				EB81B9F71B30BB6900DAFFA9 /* Resources */,
			);
			buildRules = (
			);
			dependencies = (
				EB81B9FC1B30BB6900DAFFA9 /* PBXTargetDependency */,
			);
			name = BaseTests;
			productName = BaseTests;
			productReference = EB81B9F91B30BB6900DAFFA9 /* BaseTests.xctest */;
			productType = "com.apple.product-type.bundle.unit-test";
		};
/* End PBXNativeTarget section */

/* Begin PBXProject section */
		EB81B9E51B30BB6900DAFFA9 /* Project object */ = {
			isa = PBXProject;
			attributes = {
				LastUpgradeCheck = 0630;
				ORGANIZATIONNAME = SuperUnreasonable;
				TargetAttributes = {
					EB81B9ED1B30BB6900DAFFA9 = {
						CreatedOnToolsVersion = 6.3.2;
					};
					EB81B9F81B30BB6900DAFFA9 = {
						CreatedOnToolsVersion = 6.3.2;
					};
				};
			};
			buildConfigurationList = EB81B9E81B30BB6900DAFFA9 /* Build configuration list for PBXProject "Base" */;
			compatibilityVersion = "Xcode 3.2";
			developmentRegion = English;
			hasScannedForEncodings = 0;
			knownRegions = (
				en,
			);
			mainGroup = EB81B9E41B30BB6900DAFFA9;
			productRefGroup = EB81B9EF1B30BB6900DAFFA9 /* Products */;
			projectDirPath = "";
			projectRoot = "";
			targets = (
				EB81B9ED1B30BB6900DAFFA9 /* Base */,
				EB81B9F81B30BB6900DAFFA9 /* BaseTests */,
			);
		};
/* End PBXProject section */

/* Begin PBXResourcesBuildPhase section */
		EB81B9EC1B30BB6900DAFFA9 /* Resources */ = {
			isa = PBXResourcesBuildPhase;
			buildActionMask = 2147483647;
			files = (
			);
			runOnlyForDeploymentPostprocessing = 0;
		};
		EB81B9F71B30BB6900DAFFA9 /* Resources */ = {
			isa = PBXResourcesBuildPhase;
			buildActionMask = 2147483647;
			files = (
			);
			runOnlyForDeploymentPostprocessing = 0;
		};
/* End PBXResourcesBuildPhase section */

/* Begin PBXSourcesBuildPhase section */
		EB81B9E91B30BB6900DAFFA9 /* Sources */ = {
			isa = PBXSourcesBuildPhase;
			buildActionMask = 2147483647;
			files = (
				EB81BA241B30BC8500DAFFA9 /* Base.swift in Sources */,
				EBDAA0E21B470D8800756678 /* Foudation+Extension.swift in Sources */,
			);
			runOnlyForDeploymentPostprocessing = 0;
		};
		EB81B9F51B30BB6900DAFFA9 /* Sources */ = {
			isa = PBXSourcesBuildPhase;
			buildActionMask = 2147483647;
			files = (
				EB81BA011B30BB6900DAFFA9 /* BaseTests.swift in Sources */,
			);
			runOnlyForDeploymentPostprocessing = 0;
		};
/* End PBXSourcesBuildPhase section */

/* Begin PBXTargetDependency section */
		EB81B9FC1B30BB6900DAFFA9 /* PBXTargetDependency */ = {
			isa = PBXTargetDependency;
			target = EB81B9ED1B30BB6900DAFFA9 /* Base */;
			targetProxy = EB81B9FB1B30BB6900DAFFA9 /* PBXContainerItemProxy */;
		};
/* End PBXTargetDependency section */

/* Begin XCBuildConfiguration section */
		EB81BA021B30BB6900DAFFA9 /* Debug */ = {
			isa = XCBuildConfiguration;
			buildSettings = {
				ALWAYS_SEARCH_USER_PATHS = NO;
				CLANG_CXX_LANGUAGE_STANDARD = "gnu++0x";
				CLANG_CXX_LIBRARY = "libc++";
				CLANG_ENABLE_MODULES = YES;
				CLANG_ENABLE_OBJC_ARC = YES;
				CLANG_WARN_BOOL_CONVERSION = YES;
				CLANG_WARN_CONSTANT_CONVERSION = YES;
				CLANG_WARN_DIRECT_OBJC_ISA_USAGE = YES_ERROR;
				CLANG_WARN_EMPTY_BODY = YES;
				CLANG_WARN_ENUM_CONVERSION = YES;
				CLANG_WARN_INT_CONVERSION = YES;
				CLANG_WARN_OBJC_ROOT_CLASS = YES_ERROR;
				CLANG_WARN_UNREACHABLE_CODE = YES;
				CLANG_WARN__DUPLICATE_METHOD_MATCH = YES;
				"CODE_SIGN_IDENTITY[sdk=iphoneos*]" = "iPhone Developer";
				COPY_PHASE_STRIP = NO;
				CURRENT_PROJECT_VERSION = 1;
				DEBUG_INFORMATION_FORMAT = "dwarf-with-dsym";
				ENABLE_STRICT_OBJC_MSGSEND = YES;
				GCC_C_LANGUAGE_STANDARD = gnu99;
				GCC_DYNAMIC_NO_PIC = NO;
				GCC_NO_COMMON_BLOCKS = YES;
				GCC_OPTIMIZATION_LEVEL = 0;
				GCC_PREPROCESSOR_DEFINITIONS = (
					"DEBUG=1",
					"$(inherited)",
				);
				GCC_SYMBOLS_PRIVATE_EXTERN = NO;
				GCC_WARN_64_TO_32_BIT_CONVERSION = YES;
				GCC_WARN_ABOUT_RETURN_TYPE = YES_ERROR;
				GCC_WARN_UNDECLARED_SELECTOR = YES;
				GCC_WARN_UNINITIALIZED_AUTOS = YES_AGGRESSIVE;
				GCC_WARN_UNUSED_FUNCTION = YES;
				GCC_WARN_UNUSED_VARIABLE = YES;
				IPHONEOS_DEPLOYMENT_TARGET = 8.3;
				MTL_ENABLE_DEBUG_INFO = YES;
				ONLY_ACTIVE_ARCH = YES;
				SDKROOT = iphoneos;
				SWIFT_OPTIMIZATION_LEVEL = "-Onone";
				TARGETED_DEVICE_FAMILY = "1,2";
				VERSIONING_SYSTEM = "apple-generic";
				VERSION_INFO_PREFIX = "";
			};
			name = Debug;
		};
		EB81BA031B30BB6900DAFFA9 /* Release */ = {
			isa = XCBuildConfiguration;
			buildSettings = {
				ALWAYS_SEARCH_USER_PATHS = NO;
				CLANG_CXX_LANGUAGE_STANDARD = "gnu++0x";
				CLANG_CXX_LIBRARY = "libc++";
				CLANG_ENABLE_MODULES = YES;
				CLANG_ENABLE_OBJC_ARC = YES;
				CLANG_WARN_BOOL_CONVERSION = YES;
				CLANG_WARN_CONSTANT_CONVERSION = YES;
				CLANG_WARN_DIRECT_OBJC_ISA_USAGE = YES_ERROR;
				CLANG_WARN_EMPTY_BODY = YES;
				CLANG_WARN_ENUM_CONVERSION = YES;
				CLANG_WARN_INT_CONVERSION = YES;
				CLANG_WARN_OBJC_ROOT_CLASS = YES_ERROR;
				CLANG_WARN_UNREACHABLE_CODE = YES;
				CLANG_WARN__DUPLICATE_METHOD_MATCH = YES;
				"CODE_SIGN_IDENTITY[sdk=iphoneos*]" = "iPhone Developer";
				COPY_PHASE_STRIP = NO;
				CURRENT_PROJECT_VERSION = 1;
				DEBUG_INFORMATION_FORMAT = "dwarf-with-dsym";
				ENABLE_NS_ASSERTIONS = NO;
				ENABLE_STRICT_OBJC_MSGSEND = YES;
				GCC_C_LANGUAGE_STANDARD = gnu99;
				GCC_NO_COMMON_BLOCKS = YES;
				GCC_WARN_64_TO_32_BIT_CONVERSION = YES;
				GCC_WARN_ABOUT_RETURN_TYPE = YES_ERROR;
				GCC_WARN_UNDECLARED_SELECTOR = YES;
				GCC_WARN_UNINITIALIZED_AUTOS = YES_AGGRESSIVE;
				GCC_WARN_UNUSED_FUNCTION = YES;
				GCC_WARN_UNUSED_VARIABLE = YES;
				IPHONEOS_DEPLOYMENT_TARGET = 8.3;
				MTL_ENABLE_DEBUG_INFO = NO;
				SDKROOT = iphoneos;
				TARGETED_DEVICE_FAMILY = "1,2";
				VALIDATE_PRODUCT = YES;
				VERSIONING_SYSTEM = "apple-generic";
				VERSION_INFO_PREFIX = "";
			};
			name = Release;
		};
		EB81BA051B30BB6900DAFFA9 /* Debug */ = {
			isa = XCBuildConfiguration;
			buildSettings = {
				DEFINES_MODULE = YES;
				DYLIB_COMPATIBILITY_VERSION = 1;
				DYLIB_CURRENT_VERSION = 1;
				DYLIB_INSTALL_NAME_BASE = "@rpath";
				INFOPLIST_FILE = Base/Info.plist;
				INSTALL_PATH = "$(LOCAL_LIBRARY_DIR)/Frameworks";
				LD_RUNPATH_SEARCH_PATHS = "$(inherited) @executable_path/Frameworks @loader_path/Frameworks";
				PRODUCT_NAME = "$(TARGET_NAME)";
				SKIP_INSTALL = YES;
			};
			name = Debug;
		};
		EB81BA061B30BB6900DAFFA9 /* Release */ = {
			isa = XCBuildConfiguration;
			buildSettings = {
				DEFINES_MODULE = YES;
				DYLIB_COMPATIBILITY_VERSION = 1;
				DYLIB_CURRENT_VERSION = 1;
				DYLIB_INSTALL_NAME_BASE = "@rpath";
				INFOPLIST_FILE = Base/Info.plist;
				INSTALL_PATH = "$(LOCAL_LIBRARY_DIR)/Frameworks";
				LD_RUNPATH_SEARCH_PATHS = "$(inherited) @executable_path/Frameworks @loader_path/Frameworks";
				PRODUCT_NAME = "$(TARGET_NAME)";
				SKIP_INSTALL = YES;
			};
			name = Release;
		};
		EB81BA081B30BB6900DAFFA9 /* Debug */ = {
			isa = XCBuildConfiguration;
			buildSettings = {
				FRAMEWORK_SEARCH_PATHS = (
					"$(SDKROOT)/Developer/Library/Frameworks",
					"$(inherited)",
				);
				GCC_PREPROCESSOR_DEFINITIONS = (
					"DEBUG=1",
					"$(inherited)",
				);
				INFOPLIST_FILE = BaseTests/Info.plist;
				LD_RUNPATH_SEARCH_PATHS = "$(inherited) @executable_path/Frameworks @loader_path/Frameworks";
				PRODUCT_NAME = "$(TARGET_NAME)";
			};
			name = Debug;
		};
		EB81BA091B30BB6900DAFFA9 /* Release */ = {
			isa = XCBuildConfiguration;
			buildSettings = {
				FRAMEWORK_SEARCH_PATHS = (
					"$(SDKROOT)/Developer/Library/Frameworks",
					"$(inherited)",
				);
				INFOPLIST_FILE = BaseTests/Info.plist;
				LD_RUNPATH_SEARCH_PATHS = "$(inherited) @executable_path/Frameworks @loader_path/Frameworks";
				PRODUCT_NAME = "$(TARGET_NAME)";
			};
			name = Release;
		};
/* End XCBuildConfiguration section */

/* Begin XCConfigurationList section */
		EB81B9E81B30BB6900DAFFA9 /* Build configuration list for PBXProject "Base" */ = {
			isa = XCConfigurationList;
			buildConfigurations = (
				EB81BA021B30BB6900DAFFA9 /* Debug */,
				EB81BA031B30BB6900DAFFA9 /* Release */,
			);
			defaultConfigurationIsVisible = 0;
			defaultConfigurationName = Release;
		};
		EB81BA041B30BB6900DAFFA9 /* Build configuration list for PBXNativeTarget "Base" */ = {
			isa = XCConfigurationList;
			buildConfigurations = (
				EB81BA051B30BB6900DAFFA9 /* Debug */,
				EB81BA061B30BB6900DAFFA9 /* Release */,
			);
			defaultConfigurationIsVisible = 0;
			defaultConfigurationName = Release;
		};
		EB81BA071B30BB6900DAFFA9 /* Build configuration list for PBXNativeTarget "BaseTests" */ = {
			isa = XCConfigurationList;
			buildConfigurations = (
				EB81BA081B30BB6900DAFFA9 /* Debug */,
				EB81BA091B30BB6900DAFFA9 /* Release */,
			);
			defaultConfigurationIsVisible = 0;
			defaultConfigurationName = Release;
		};
/* End XCConfigurationList section */
	};
	rootObject = EB81B9E51B30BB6900DAFFA9 /* Project object */;
}
